// !$*UTF8*$!
{
	archiveVersion = 1;
	classes = {
	};
	objectVersion = 77;
	objects = {

/* Begin PBXContainerItemProxy section */
		965FD9272DAF44160017C2AB /* PBXContainerItemProxy */ = {
			isa = PBXContainerItemProxy;
			containerPortal = 965FD90F2DAF44140017C2AB /* Project object */;
			proxyType = 1;
			remoteGlobalIDString = 965FD9162DAF44140017C2AB;
			remoteInfo = "Gratitude-Coo";
		};
		965FD9312DAF44160017C2AB /* PBXContainerItemProxy */ = {
			isa = PBXContainerItemProxy;
			containerPortal = 965FD90F2DAF44140017C2AB /* Project object */;
			proxyType = 1;
			remoteGlobalIDString = 965FD9162DAF44140017C2AB;
			remoteInfo = "Gratitude-Coo";
		};
/* End PBXContainerItemProxy section */

/* Begin PBXFileReference section */
		965FD9172DAF44140017C2AB /* Gratitude-Coo.app */ = {isa = PBXFileReference; explicitFileType = wrapper.application; includeInIndex = 0; path = "Gratitude-Coo.app"; sourceTree = BUILT_PRODUCTS_DIR; };
		965FD9262DAF44160017C2AB /* Gratitude-CooTests.xctest */ = {isa = PBXFileReference; explicitFileType = wrapper.cfbundle; includeInIndex = 0; path = "Gratitude-CooTests.xctest"; sourceTree = BUILT_PRODUCTS_DIR; };
		965FD9302DAF44160017C2AB /* Gratitude-CooUITests.xctest */ = {isa = PBXFileReference; explicitFileType = wrapper.cfbundle; includeInIndex = 0; path = "Gratitude-CooUITests.xctest"; sourceTree = BUILT_PRODUCTS_DIR; };
/* End PBXFileReference section */

/* Begin PBXFileSystemSynchronizedBuildFileExceptionSet section */
		965FD9682DAF92AB0017C2AB /* Exceptions for "Gratitude-Coo" folder in "Gratitude-CooTests" target */ = {
			isa = PBXFileSystemSynchronizedBuildFileExceptionSet;
			membershipExceptions = (
				General/ComponentStyle/ButtonStyle.swift,
				General/ComponentStyle/TextStyle.swift,
				Model/GratitudePost.swift,
				Model/User.swift,
				View/MainTab/MainTabType.swift,
				View/MainTab/MainTabView.swift,
				View/SignIn/SignInView.swift,
			);
			target = 965FD9252DAF44160017C2AB /* Gratitude-CooTests */;
		};
		965FD9692DAF92AB0017C2AB /* Exceptions for "Gratitude-Coo" folder in "Gratitude-CooUITests" target */ = {
			isa = PBXFileSystemSynchronizedBuildFileExceptionSet;
			membershipExceptions = (
				General/ComponentStyle/ButtonStyle.swift,
				General/ComponentStyle/TextStyle.swift,
				Model/GratitudePost.swift,
				Model/User.swift,
				View/MainTab/MainTabType.swift,
				View/MainTab/MainTabView.swift,
				View/SignIn/SignInView.swift,
			);
			target = 965FD92F2DAF44160017C2AB /* Gratitude-CooUITests */;
		};
/* End PBXFileSystemSynchronizedBuildFileExceptionSet section */

/* Begin PBXFileSystemSynchronizedRootGroup section */
		965FD9192DAF44140017C2AB /* Gratitude-Coo */ = {
			isa = PBXFileSystemSynchronizedRootGroup;
			exceptions = (
				965FD9682DAF92AB0017C2AB /* Exceptions for "Gratitude-Coo" folder in "Gratitude-CooTests" target */,
				965FD9692DAF92AB0017C2AB /* Exceptions for "Gratitude-Coo" folder in "Gratitude-CooUITests" target */,
			);
			path = "Gratitude-Coo";
			sourceTree = "<group>";
		};
		965FD9292DAF44160017C2AB /* Gratitude-CooTests */ = {
			isa = PBXFileSystemSynchronizedRootGroup;
			path = "Gratitude-CooTests";
			sourceTree = "<group>";
		};
		965FD9332DAF44160017C2AB /* Gratitude-CooUITests */ = {
			isa = PBXFileSystemSynchronizedRootGroup;
			path = "Gratitude-CooUITests";
			sourceTree = "<group>";
		};
/* End PBXFileSystemSynchronizedRootGroup section */

/* Begin PBXFrameworksBuildPhase section */
		965FD9142DAF44140017C2AB /* Frameworks */ = {
			isa = PBXFrameworksBuildPhase;
			buildActionMask = 2147483647;
			files = (
			);
			runOnlyForDeploymentPostprocessing = 0;
		};
		965FD9232DAF44160017C2AB /* Frameworks */ = {
			isa = PBXFrameworksBuildPhase;
			buildActionMask = 2147483647;
			files = (
			);
			runOnlyForDeploymentPostprocessing = 0;
		};
		965FD92D2DAF44160017C2AB /* Frameworks */ = {
			isa = PBXFrameworksBuildPhase;
			buildActionMask = 2147483647;
			files = (
			);
			runOnlyForDeploymentPostprocessing = 0;
		};
/* End PBXFrameworksBuildPhase section */

/* Begin PBXGroup section */
		965FD90E2DAF44140017C2AB = {
			isa = PBXGroup;
			children = (
				965FD9192DAF44140017C2AB /* Gratitude-Coo */,
				965FD9292DAF44160017C2AB /* Gratitude-CooTests */,
				965FD9332DAF44160017C2AB /* Gratitude-CooUITests */,
				965FD9182DAF44140017C2AB /* Products */,
			);
			sourceTree = "<group>";
		};
		965FD9182DAF44140017C2AB /* Products */ = {
			isa = PBXGroup;
			children = (
				965FD9172DAF44140017C2AB /* Gratitude-Coo.app */,
				965FD9262DAF44160017C2AB /* Gratitude-CooTests.xctest */,
				965FD9302DAF44160017C2AB /* Gratitude-CooUITests.xctest */,
			);
			name = Products;
			sourceTree = "<group>";
		};
/* End PBXGroup section */

/* Begin PBXNativeTarget section */
		965FD9162DAF44140017C2AB /* Gratitude-Coo */ = {
			isa = PBXNativeTarget;
			buildConfigurationList = 965FD93A2DAF44160017C2AB /* Build configuration list for PBXNativeTarget "Gratitude-Coo" */;
			buildPhases = (
				965FD9132DAF44140017C2AB /* Sources */,
				965FD9142DAF44140017C2AB /* Frameworks */,
				965FD9152DAF44140017C2AB /* Resources */,
			);
			buildRules = (
			);
			dependencies = (
			);
			fileSystemSynchronizedGroups = (
				965FD9192DAF44140017C2AB /* Gratitude-Coo */,
			);
			name = "Gratitude-Coo";
			packageProductDependencies = (
			);
			productName = "Gratitude-Coo";
			productReference = 965FD9172DAF44140017C2AB /* Gratitude-Coo.app */;
			productType = "com.apple.product-type.application";
		};
		965FD9252DAF44160017C2AB /* Gratitude-CooTests */ = {
			isa = PBXNativeTarget;
			buildConfigurationList = 965FD93D2DAF44160017C2AB /* Build configuration list for PBXNativeTarget "Gratitude-CooTests" */;
			buildPhases = (
				965FD9222DAF44160017C2AB /* Sources */,
				965FD9232DAF44160017C2AB /* Frameworks */,
				965FD9242DAF44160017C2AB /* Resources */,
			);
			buildRules = (
			);
			dependencies = (
				965FD9282DAF44160017C2AB /* PBXTargetDependency */,
			);
			fileSystemSynchronizedGroups = (
				965FD9292DAF44160017C2AB /* Gratitude-CooTests */,
			);
			name = "Gratitude-CooTests";
			packageProductDependencies = (
			);
			productName = "Gratitude-CooTests";
			productReference = 965FD9262DAF44160017C2AB /* Gratitude-CooTests.xctest */;
			productType = "com.apple.product-type.bundle.unit-test";
		};
		965FD92F2DAF44160017C2AB /* Gratitude-CooUITests */ = {
			isa = PBXNativeTarget;
			buildConfigurationList = 965FD9402DAF44160017C2AB /* Build configuration list for PBXNativeTarget "Gratitude-CooUITests" */;
			buildPhases = (
				965FD92C2DAF44160017C2AB /* Sources */,
				965FD92D2DAF44160017C2AB /* Frameworks */,
				965FD92E2DAF44160017C2AB /* Resources */,
			);
			buildRules = (
			);
			dependencies = (
				965FD9322DAF44160017C2AB /* PBXTargetDependency */,
			);
			fileSystemSynchronizedGroups = (
				965FD9332DAF44160017C2AB /* Gratitude-CooUITests */,
			);
			name = "Gratitude-CooUITests";
			packageProductDependencies = (
			);
			productName = "Gratitude-CooUITests";
			productReference = 965FD9302DAF44160017C2AB /* Gratitude-CooUITests.xctest */;
			productType = "com.apple.product-type.bundle.ui-testing";
		};
/* End PBXNativeTarget section */

/* Begin PBXProject section */
		965FD90F2DAF44140017C2AB /* Project object */ = {
			isa = PBXProject;
			attributes = {
				BuildIndependentTargetsInParallel = 1;
				LastSwiftUpdateCheck = 1630;
				LastUpgradeCheck = 1630;
				TargetAttributes = {
					965FD9162DAF44140017C2AB = {
						CreatedOnToolsVersion = 16.3;
					};
					965FD9252DAF44160017C2AB = {
						CreatedOnToolsVersion = 16.3;
						TestTargetID = 965FD9162DAF44140017C2AB;
					};
					965FD92F2DAF44160017C2AB = {
						CreatedOnToolsVersion = 16.3;
						TestTargetID = 965FD9162DAF44140017C2AB;
					};
				};
			};
			buildConfigurationList = 965FD9122DAF44140017C2AB /* Build configuration list for PBXProject "Gratitude-Coo" */;
			developmentRegion = en;
			hasScannedForEncodings = 0;
			knownRegions = (
				en,
				Base,
			);
			mainGroup = 965FD90E2DAF44140017C2AB;
			minimizedProjectReferenceProxies = 1;
			preferredProjectObjectVersion = 77;
			productRefGroup = 965FD9182DAF44140017C2AB /* Products */;
			projectDirPath = "";
			projectRoot = "";
			targets = (
				965FD9162DAF44140017C2AB /* Gratitude-Coo */,
				965FD9252DAF44160017C2AB /* Gratitude-CooTests */,
				965FD92F2DAF44160017C2AB /* Gratitude-CooUITests */,
			);
		};
/* End PBXProject section */

/* Begin PBXResourcesBuildPhase section */
		965FD9152DAF44140017C2AB /* Resources */ = {
			isa = PBXResourcesBuildPhase;
			buildActionMask = 2147483647;
			files = (
			);
			runOnlyForDeploymentPostprocessing = 0;
		};
		965FD9242DAF44160017C2AB /* Resources */ = {
			isa = PBXResourcesBuildPhase;
			buildActionMask = 2147483647;
			files = (
			);
			runOnlyForDeploymentPostprocessing = 0;
		};
		965FD92E2DAF44160017C2AB /* Resources */ = {
			isa = PBXResourcesBuildPhase;
			buildActionMask = 2147483647;
			files = (
			);
			runOnlyForDeploymentPostprocessing = 0;
		};
/* End PBXResourcesBuildPhase section */

/* Begin PBXSourcesBuildPhase section */
		965FD9132DAF44140017C2AB /* Sources */ = {
			isa = PBXSourcesBuildPhase;
			buildActionMask = 2147483647;
			files = (
			);
			runOnlyForDeploymentPostprocessing = 0;
		};
		965FD9222DAF44160017C2AB /* Sources */ = {
			isa = PBXSourcesBuildPhase;
			buildActionMask = 2147483647;
			files = (
			);
			runOnlyForDeploymentPostprocessing = 0;
		};
		965FD92C2DAF44160017C2AB /* Sources */ = {
			isa = PBXSourcesBuildPhase;
			buildActionMask = 2147483647;
			files = (
			);
			runOnlyForDeploymentPostprocessing = 0;
		};
/* End PBXSourcesBuildPhase section */

/* Begin PBXTargetDependency section */
		965FD9282DAF44160017C2AB /* PBXTargetDependency */ = {
			isa = PBXTargetDependency;
			target = 965FD9162DAF44140017C2AB /* Gratitude-Coo */;
			targetProxy = 965FD9272DAF44160017C2AB /* PBXContainerItemProxy */;
		};
		965FD9322DAF44160017C2AB /* PBXTargetDependency */ = {
			isa = PBXTargetDependency;
			target = 965FD9162DAF44140017C2AB /* Gratitude-Coo */;
			targetProxy = 965FD9312DAF44160017C2AB /* PBXContainerItemProxy */;
		};
/* End PBXTargetDependency section */

/* Begin XCBuildConfiguration section */
		965FD9382DAF44160017C2AB /* Debug */ = {
			isa = XCBuildConfiguration;
			buildSettings = {
				ALWAYS_SEARCH_USER_PATHS = NO;
				ASSETCATALOG_COMPILER_GENERATE_SWIFT_ASSET_SYMBOL_EXTENSIONS = YES;
				CLANG_ANALYZER_NONNULL = YES;
				CLANG_ANALYZER_NUMBER_OBJECT_CONVERSION = YES_AGGRESSIVE;
				CLANG_CXX_LANGUAGE_STANDARD = "gnu++20";
				CLANG_ENABLE_MODULES = YES;
				CLANG_ENABLE_OBJC_ARC = YES;
				CLANG_ENABLE_OBJC_WEAK = YES;
				CLANG_WARN_BLOCK_CAPTURE_AUTORELEASING = YES;
				CLANG_WARN_BOOL_CONVERSION = YES;
				CLANG_WARN_COMMA = YES;
				CLANG_WARN_CONSTANT_CONVERSION = YES;
				CLANG_WARN_DEPRECATED_OBJC_IMPLEMENTATIONS = YES;
				CLANG_WARN_DIRECT_OBJC_ISA_USAGE = YES_ERROR;
				CLANG_WARN_DOCUMENTATION_COMMENTS = YES;
				CLANG_WARN_EMPTY_BODY = YES;
				CLANG_WARN_ENUM_CONVERSION = YES;
				CLANG_WARN_INFINITE_RECURSION = YES;
				CLANG_WARN_INT_CONVERSION = YES;
				CLANG_WARN_NON_LITERAL_NULL_CONVERSION = YES;
				CLANG_WARN_OBJC_IMPLICIT_RETAIN_SELF = YES;
				CLANG_WARN_OBJC_LITERAL_CONVERSION = YES;
				CLANG_WARN_OBJC_ROOT_CLASS = YES_ERROR;
				CLANG_WARN_QUOTED_INCLUDE_IN_FRAMEWORK_HEADER = YES;
				CLANG_WARN_RANGE_LOOP_ANALYSIS = YES;
				CLANG_WARN_STRICT_PROTOTYPES = YES;
				CLANG_WARN_SUSPICIOUS_MOVE = YES;
				CLANG_WARN_UNGUARDED_AVAILABILITY = YES_AGGRESSIVE;
				CLANG_WARN_UNREACHABLE_CODE = YES;
				CLANG_WARN__DUPLICATE_METHOD_MATCH = YES;
				COPY_PHASE_STRIP = NO;
				DEBUG_INFORMATION_FORMAT = dwarf;
				DEVELOPMENT_TEAM = Z3SJ6498P6;
				ENABLE_STRICT_OBJC_MSGSEND = YES;
				ENABLE_TESTABILITY = YES;
				ENABLE_USER_SCRIPT_SANDBOXING = YES;
				GCC_C_LANGUAGE_STANDARD = gnu17;
				GCC_DYNAMIC_NO_PIC = NO;
				GCC_NO_COMMON_BLOCKS = YES;
				GCC_OPTIMIZATION_LEVEL = 0;
				GCC_PREPROCESSOR_DEFINITIONS = (
					"DEBUG=1",
					"$(inherited)",
				);
				GCC_WARN_64_TO_32_BIT_CONVERSION = YES;
				GCC_WARN_ABOUT_RETURN_TYPE = YES_ERROR;
				GCC_WARN_UNDECLARED_SELECTOR = YES;
				GCC_WARN_UNINITIALIZED_AUTOS = YES_AGGRESSIVE;
				GCC_WARN_UNUSED_FUNCTION = YES;
				GCC_WARN_UNUSED_VARIABLE = YES;
				IPHONEOS_DEPLOYMENT_TARGET = 18.4;
				LOCALIZATION_PREFERS_STRING_CATALOGS = YES;
				MTL_ENABLE_DEBUG_INFO = INCLUDE_SOURCE;
				MTL_FAST_MATH = YES;
				ONLY_ACTIVE_ARCH = YES;
				SDKROOT = iphoneos;
				SWIFT_ACTIVE_COMPILATION_CONDITIONS = "DEBUG $(inherited)";
				SWIFT_OPTIMIZATION_LEVEL = "-Onone";
			};
			name = Debug;
		};
		965FD9392DAF44160017C2AB /* Release */ = {
			isa = XCBuildConfiguration;
			buildSettings = {
				ALWAYS_SEARCH_USER_PATHS = NO;
				ASSETCATALOG_COMPILER_GENERATE_SWIFT_ASSET_SYMBOL_EXTENSIONS = YES;
				CLANG_ANALYZER_NONNULL = YES;
				CLANG_ANALYZER_NUMBER_OBJECT_CONVERSION = YES_AGGRESSIVE;
				CLANG_CXX_LANGUAGE_STANDARD = "gnu++20";
				CLANG_ENABLE_MODULES = YES;
				CLANG_ENABLE_OBJC_ARC = YES;
				CLANG_ENABLE_OBJC_WEAK = YES;
				CLANG_WARN_BLOCK_CAPTURE_AUTORELEASING = YES;
				CLANG_WARN_BOOL_CONVERSION = YES;
				CLANG_WARN_COMMA = YES;
				CLANG_WARN_CONSTANT_CONVERSION = YES;
				CLANG_WARN_DEPRECATED_OBJC_IMPLEMENTATIONS = YES;
				CLANG_WARN_DIRECT_OBJC_ISA_USAGE = YES_ERROR;
				CLANG_WARN_DOCUMENTATION_COMMENTS = YES;
				CLANG_WARN_EMPTY_BODY = YES;
				CLANG_WARN_ENUM_CONVERSION = YES;
				CLANG_WARN_INFINITE_RECURSION = YES;
				CLANG_WARN_INT_CONVERSION = YES;
				CLANG_WARN_NON_LITERAL_NULL_CONVERSION = YES;
				CLANG_WARN_OBJC_IMPLICIT_RETAIN_SELF = YES;
				CLANG_WARN_OBJC_LITERAL_CONVERSION = YES;
				CLANG_WARN_OBJC_ROOT_CLASS = YES_ERROR;
				CLANG_WARN_QUOTED_INCLUDE_IN_FRAMEWORK_HEADER = YES;
				CLANG_WARN_RANGE_LOOP_ANALYSIS = YES;
				CLANG_WARN_STRICT_PROTOTYPES = YES;
				CLANG_WARN_SUSPICIOUS_MOVE = YES;
				CLANG_WARN_UNGUARDED_AVAILABILITY = YES_AGGRESSIVE;
				CLANG_WARN_UNREACHABLE_CODE = YES;
				CLANG_WARN__DUPLICATE_METHOD_MATCH = YES;
				COPY_PHASE_STRIP = NO;
				DEBUG_INFORMATION_FORMAT = "dwarf-with-dsym";
				DEVELOPMENT_TEAM = Z3SJ6498P6;
				ENABLE_NS_ASSERTIONS = NO;
				ENABLE_STRICT_OBJC_MSGSEND = YES;
				ENABLE_USER_SCRIPT_SANDBOXING = YES;
				GCC_C_LANGUAGE_STANDARD = gnu17;
				GCC_NO_COMMON_BLOCKS = YES;
				GCC_WARN_64_TO_32_BIT_CONVERSION = YES;
				GCC_WARN_ABOUT_RETURN_TYPE = YES_ERROR;
				GCC_WARN_UNDECLARED_SELECTOR = YES;
				GCC_WARN_UNINITIALIZED_AUTOS = YES_AGGRESSIVE;
				GCC_WARN_UNUSED_FUNCTION = YES;
				GCC_WARN_UNUSED_VARIABLE = YES;
				IPHONEOS_DEPLOYMENT_TARGET = 18.4;
				LOCALIZATION_PREFERS_STRING_CATALOGS = YES;
				MTL_ENABLE_DEBUG_INFO = NO;
				MTL_FAST_MATH = YES;
				SDKROOT = iphoneos;
				SWIFT_COMPILATION_MODE = wholemodule;
				VALIDATE_PRODUCT = YES;
			};
			name = Release;
		};
		965FD93B2DAF44160017C2AB /* Debug */ = {
			isa = XCBuildConfiguration;
			buildSettings = {
				ASSETCATALOG_COMPILER_APPICON_NAME = AppIcon;
				ASSETCATALOG_COMPILER_GLOBAL_ACCENT_COLOR_NAME = AccentColor;
				CODE_SIGN_STYLE = Manual;
				CURRENT_PROJECT_VERSION = 1;
				DEVELOPMENT_TEAM = "";
				ENABLE_PREVIEWS = YES;
				GENERATE_INFOPLIST_FILE = YES;
				INFOPLIST_KEY_UIApplicationSceneManifest_Generation = YES;
				INFOPLIST_KEY_UIApplicationSupportsIndirectInputEvents = YES;
				INFOPLIST_KEY_UILaunchScreen_Generation = YES;
				INFOPLIST_KEY_UISupportedInterfaceOrientations = UIInterfaceOrientationPortrait;
				LD_RUNPATH_SEARCH_PATHS = (
					"$(inherited)",
					"@executable_path/Frameworks",
				);
				MARKETING_VERSION = 1.0;
				PRODUCT_BUNDLE_IDENTIFIER = "com.brandnew.ada.Gratitude-Coo";
				PRODUCT_NAME = "$(TARGET_NAME)";
				PROVISIONING_PROFILE_SPECIFIER = "";
				SWIFT_EMIT_LOC_STRINGS = YES;
				SWIFT_VERSION = 5.0;
				TARGETED_DEVICE_FAMILY = "1,2";
			};
			name = Debug;
		};
		965FD93C2DAF44160017C2AB /* Release */ = {
			isa = XCBuildConfiguration;
			buildSettings = {
				ASSETCATALOG_COMPILER_APPICON_NAME = AppIcon;
				ASSETCATALOG_COMPILER_GLOBAL_ACCENT_COLOR_NAME = AccentColor;
				CODE_SIGN_STYLE = Manual;
				CURRENT_PROJECT_VERSION = 1;
				DEVELOPMENT_TEAM = "";
				ENABLE_PREVIEWS = YES;
				GENERATE_INFOPLIST_FILE = YES;
				INFOPLIST_KEY_UIApplicationSceneManifest_Generation = YES;
				INFOPLIST_KEY_UIApplicationSupportsIndirectInputEvents = YES;
				INFOPLIST_KEY_UILaunchScreen_Generation = YES;
				INFOPLIST_KEY_UISupportedInterfaceOrientations = UIInterfaceOrientationPortrait;
				LD_RUNPATH_SEARCH_PATHS = (
					"$(inherited)",
					"@executable_path/Frameworks",
				);
				MARKETING_VERSION = 1.0;
				PRODUCT_BUNDLE_IDENTIFIER = "com.brandnew.ada.Gratitude-Coo";
				PRODUCT_NAME = "$(TARGET_NAME)";
				PROVISIONING_PROFILE_SPECIFIER = "";
				SWIFT_EMIT_LOC_STRINGS = YES;
				SWIFT_VERSION = 5.0;
				TARGETED_DEVICE_FAMILY = "1,2";
			};
			name = Release;
		};
		965FD93E2DAF44160017C2AB /* Debug */ = {
			isa = XCBuildConfiguration;
			buildSettings = {
				BUNDLE_LOADER = "$(TEST_HOST)";
				CODE_SIGN_STYLE = Automatic;
				CURRENT_PROJECT_VERSION = 1;
				DEVELOPMENT_TEAM = Z3SJ6498P6;
				GENERATE_INFOPLIST_FILE = YES;
				IPHONEOS_DEPLOYMENT_TARGET = 18.4;
				MARKETING_VERSION = 1.0;
				PRODUCT_BUNDLE_IDENTIFIER = "com.brandnew.ada.Gratitude-CooTests";
				PRODUCT_NAME = "$(TARGET_NAME)";
				SWIFT_EMIT_LOC_STRINGS = NO;
				SWIFT_VERSION = 5.0;
				TARGETED_DEVICE_FAMILY = "1,2";
				TEST_HOST = "$(BUILT_PRODUCTS_DIR)/Gratitude-Coo.app/$(BUNDLE_EXECUTABLE_FOLDER_PATH)/Gratitude-Coo";
			};
			name = Debug;
		};
		965FD93F2DAF44160017C2AB /* Release */ = {
			isa = XCBuildConfiguration;
			buildSettings = {
				BUNDLE_LOADER = "$(TEST_HOST)";
				CODE_SIGN_STYLE = Automatic;
				CURRENT_PROJECT_VERSION = 1;
				DEVELOPMENT_TEAM = Z3SJ6498P6;
				GENERATE_INFOPLIST_FILE = YES;
				IPHONEOS_DEPLOYMENT_TARGET = 18.4;
				MARKETING_VERSION = 1.0;
				PRODUCT_BUNDLE_IDENTIFIER = "com.brandnew.ada.Gratitude-CooTests";
				PRODUCT_NAME = "$(TARGET_NAME)";
				SWIFT_EMIT_LOC_STRINGS = NO;
				SWIFT_VERSION = 5.0;
				TARGETED_DEVICE_FAMILY = "1,2";
				TEST_HOST = "$(BUILT_PRODUCTS_DIR)/Gratitude-Coo.app/$(BUNDLE_EXECUTABLE_FOLDER_PATH)/Gratitude-Coo";
			};
			name = Release;
		};
		965FD9412DAF44160017C2AB /* Debug */ = {
			isa = XCBuildConfiguration;
			buildSettings = {
				CODE_SIGN_STYLE = Automatic;
				CURRENT_PROJECT_VERSION = 1;
				DEVELOPMENT_TEAM = Z3SJ6498P6;
				GENERATE_INFOPLIST_FILE = YES;
				MARKETING_VERSION = 1.0;
				PRODUCT_BUNDLE_IDENTIFIER = "com.brandnew.ada.Gratitude-CooUITests";
				PRODUCT_NAME = "$(TARGET_NAME)";
				SWIFT_EMIT_LOC_STRINGS = NO;
				SWIFT_VERSION = 5.0;
				TARGETED_DEVICE_FAMILY = "1,2";
				TEST_TARGET_NAME = "Gratitude-Coo";
			};
			name = Debug;
		};
		965FD9422DAF44160017C2AB /* Release */ = {
			isa = XCBuildConfiguration;
			buildSettings = {
				CODE_SIGN_STYLE = Automatic;
				CURRENT_PROJECT_VERSION = 1;
				DEVELOPMENT_TEAM = Z3SJ6498P6;
				GENERATE_INFOPLIST_FILE = YES;
				MARKETING_VERSION = 1.0;
				PRODUCT_BUNDLE_IDENTIFIER = "com.brandnew.ada.Gratitude-CooUITests";
				PRODUCT_NAME = "$(TARGET_NAME)";
				SWIFT_EMIT_LOC_STRINGS = NO;
				SWIFT_VERSION = 5.0;
				TARGETED_DEVICE_FAMILY = "1,2";
				TEST_TARGET_NAME = "Gratitude-Coo";
			};
			name = Release;
		};
/* End XCBuildConfiguration section */

/* Begin XCConfigurationList section */
		965FD9122DAF44140017C2AB /* Build configuration list for PBXProject "Gratitude-Coo" */ = {
			isa = XCConfigurationList;
			buildConfigurations = (
				965FD9382DAF44160017C2AB /* Debug */,
				965FD9392DAF44160017C2AB /* Release */,
			);
			defaultConfigurationIsVisible = 0;
			defaultConfigurationName = Release;
		};
		965FD93A2DAF44160017C2AB /* Build configuration list for PBXNativeTarget "Gratitude-Coo" */ = {
			isa = XCConfigurationList;
			buildConfigurations = (
				965FD93B2DAF44160017C2AB /* Debug */,
				965FD93C2DAF44160017C2AB /* Release */,
			);
			defaultConfigurationIsVisible = 0;
			defaultConfigurationName = Release;
		};
		965FD93D2DAF44160017C2AB /* Build configuration list for PBXNativeTarget "Gratitude-CooTests" */ = {
			isa = XCConfigurationList;
			buildConfigurations = (
				965FD93E2DAF44160017C2AB /* Debug */,
				965FD93F2DAF44160017C2AB /* Release */,
			);
			defaultConfigurationIsVisible = 0;
			defaultConfigurationName = Release;
		};
		965FD9402DAF44160017C2AB /* Build configuration list for PBXNativeTarget "Gratitude-CooUITests" */ = {
			isa = XCConfigurationList;
			buildConfigurations = (
				965FD9412DAF44160017C2AB /* Debug */,
				965FD9422DAF44160017C2AB /* Release */,
			);
			defaultConfigurationIsVisible = 0;
			defaultConfigurationName = Release;
		};
/* End XCConfigurationList section */
	};
	rootObject = 965FD90F2DAF44140017C2AB /* Project object */;
}
